
Microsoft Visual Studio Solution File, Format Version 12.00
# Visual Studio Version 16
VisualStudioVersion = 16.0.809.7
MinimumVisualStudioVersion = 10.0.40219.1
Project("{FAE04EC0-301F-11D3-BF4B-00C04F79EFBC}") = "CaseNumbersWorker", "CaseNumbersWorker\CaseNumbersWorker.csproj", "{B32BCF3D-23BA-4CE2-921F-61BDC9C3FFC2}"
EndProject
Project("{FAE04EC0-301F-11D3-BF4B-00C04F79EFBC}") = "EventBus.Messages", "EventBus.Messages\EventBus.Messages.csproj", "{EB58A355-7C7C-43B0-8327-F6B9491963F9}"
EndProject
Project("{E53339B2-1760-4266-BCC7-CA923CBCF16C}") = "docker-compose", "docker-compose.dcproj", "{33CA53FF-4F20-4F40-B055-8BCB290C0583}"
EndProject
Global
	GlobalSection(SolutionConfigurationPlatforms) = preSolution
		Debug|Any CPU = Debug|Any CPU
		Release|Any CPU = Release|Any CPU
	EndGlobalSection
	GlobalSection(ProjectConfigurationPlatforms) = postSolution
		{B32BCF3D-23BA-4CE2-921F-61BDC9C3FFC2}.Debug|Any CPU.ActiveCfg = Debug|Any CPU
		{B32BCF3D-23BA-4CE2-921F-61BDC9C3FFC2}.Debug|Any CPU.Build.0 = Debug|Any CPU
		{B32BCF3D-23BA-4CE2-921F-61BDC9C3FFC2}.Release|Any CPU.ActiveCfg = Release|Any CPU
		{B32BCF3D-23BA-4CE2-921F-61BDC9C3FFC2}.Release|Any CPU.Build.0 = Release|Any CPU
		{EB58A355-7C7C-43B0-8327-F6B9491963F9}.Debug|Any CPU.ActiveCfg = Debug|Any CPU
		{EB58A355-7C7C-43B0-8327-F6B9491963F9}.Debug|Any CPU.Build.0 = Debug|Any CPU
		{EB58A355-7C7C-43B0-8327-F6B9491963F9}.Release|Any CPU.ActiveCfg = Release|Any CPU
		{EB58A355-7C7C-43B0-8327-F6B9491963F9}.Release|Any CPU.Build.0 = Release|Any CPU
		{33CA53FF-4F20-4F40-B055-8BCB290C0583}.Debug|Any CPU.ActiveCfg = Debug|Any CPU
		{33CA53FF-4F20-4F40-B055-8BCB290C0583}.Debug|Any CPU.Build.0 = Debug|Any CPU
		{33CA53FF-4F20-4F40-B055-8BCB290C0583}.Release|Any CPU.ActiveCfg = Release|Any CPU
		{33CA53FF-4F20-4F40-B055-8BCB290C0583}.Release|Any CPU.Build.0 = Release|Any CPU
	EndGlobalSection
	GlobalSection(SolutionProperties) = preSolution
		HideSolutionNode = FALSE
	EndGlobalSection
	GlobalSection(ExtensibilityGlobals) = postSolution
		SolutionGuid = {80239F60-87F6-4BDC-9FDB-DCD427ACBADE}
	EndGlobalSection
EndGlobal
